{
  "requires": true,
  "lockfileVersion": 1,
  "dependencies": {
    "react-checklist": {
      "version": "1.0.12",
      "resolved": "https://registry.npmjs.org/react-checklist/-/react-checklist-1.0.12.tgz",
      "integrity": "sha512-gYh4ZOGA+tva3Gw1u0LU7gAnwn9JnnmlsuzGfQHC2aWypDaN2sbrO1JgQhYJvVwJqr4J7Sf+gguZ14BL5iitNA=="
    }
  }
}
